
Microsoft Visual Studio Solution File, Format Version 12.00
# Visual Studio 15
VisualStudioVersion = 15.0.27130.2024
MinimumVisualStudioVersion = 10.0.40219.1
Project("{FAE04EC0-301F-11D3-BF4B-00C04F79EFBC}") = "Vidly", "Vidly\Vidly.csproj", "{EE75CBF3-3687-43F6-B4D8-2179D133610D}"
EndProject
Global
	GlobalSection(SolutionConfigurationPlatforms) = preSolution
		Debug|Any CPU = Debug|Any CPU
		Release|Any CPU = Release|Any CPU
	EndGlobalSection
	GlobalSection(ProjectConfigurationPlatforms) = postSolution
		{EE75CBF3-3687-43F6-B4D8-2179D133610D}.Debug|Any CPU.ActiveCfg = Debug|Any CPU
		{EE75CBF3-3687-43F6-B4D8-2179D133610D}.Debug|Any CPU.Build.0 = Debug|Any CPU
		{EE75CBF3-3687-43F6-B4D8-2179D133610D}.Release|Any CPU.ActiveCfg = Release|Any CPU
		{EE75CBF3-3687-43F6-B4D8-2179D133610D}.Release|Any CPU.Build.0 = Release|Any CPU
	EndGlobalSection
	GlobalSection(SolutionProperties) = preSolution
		HideSolutionNode = FALSE
	EndGlobalSection
	GlobalSection(ExtensibilityGlobals) = postSolution
		SolutionGuid = {66E0A6CC-9915-401A-BD43-4EA2A545C03D}
	EndGlobalSection
EndGlobal
